# THIS IS AN AUTOGENERATED FILE. DO NOT EDIT THIS FILE DIRECTLY.
# yarn lockfile v1


bavaria-ipsum@^1.0.3:
  version "1.0.3"
  resolved "https://registry.yarnpkg.com/bavaria-ipsum/-/bavaria-ipsum-1.0.3.tgz#af4acc6fbbbef2a56ccedaea113f07ea3f8c0614"
  integrity sha512-xAdQTRd5Wfwh+MLSKFcPolwBv5HSQd6HV93LocNKB4AWnSwrKsKipfL4GMPAOO1DD+2YuImkLtHHLi3Ym9GAGQ==

lorem-ipsum@^1.0.6:
  version "1.0.6"
  resolved "https://registry.yarnpkg.com/lorem-ipsum/-/lorem-ipsum-1.0.6.tgz#69e9ab02bbb0991915d71b5559fe016d526f013f"
  integrity sha512-Rx4XH8X4KSDCKAVvWGYlhAfNqdUP5ZdT4rRyf0jjrvWgtViZimDIlopWNfn/y3lGM5K4uuiAoY28TaD+7YKFrQ==
  dependencies:
    minimist "~1.2.0"

minimist@~1.2.0:
  version "1.2.0"
  resolved "https://registry.yarnpkg.com/minimist/-/minimist-1.2.0.tgz#a35008b20f41383eec1fb914f4cd5df79a264284"
  integrity sha1-o1AIsg9BOD7sH7kU9M1d95omQoQ=
